
Microsoft Visual Studio Solution File, Format Version 12.00
# Visual Studio Version 16
VisualStudioVersion = 16.0.29409.12
MinimumVisualStudioVersion = 10.0.40219.1
Project("{FAE04EC0-301F-11D3-BF4B-00C04F79EFBC}") = "SeamothEngineUpgrades", "SeamothEngineUpgrades.csproj", "{5A2CD97B-3DA1-4EA8-B4E3-61E23FF153EA}"
EndProject
Global
	GlobalSection(SolutionConfigurationPlatforms) = preSolution
		Debug|Any CPU = Debug|Any CPU
		Release|Any CPU = Release|Any CPU
	EndGlobalSection
	GlobalSection(ProjectConfigurationPlatforms) = postSolution
		{5A2CD97B-3DA1-4EA8-B4E3-61E23FF153EA}.Debug|Any CPU.ActiveCfg = Debug|Any CPU
		{5A2CD97B-3DA1-4EA8-B4E3-61E23FF153EA}.Debug|Any CPU.Build.0 = Debug|Any CPU
		{5A2CD97B-3DA1-4EA8-B4E3-61E23FF153EA}.Release|Any CPU.ActiveCfg = Release|Any CPU
		{5A2CD97B-3DA1-4EA8-B4E3-61E23FF153EA}.Release|Any CPU.Build.0 = Release|Any CPU
	EndGlobalSection
	GlobalSection(SolutionProperties) = preSolution
		HideSolutionNode = FALSE
	EndGlobalSection
	GlobalSection(ExtensibilityGlobals) = postSolution
		SolutionGuid = {D4C1ACF4-0B18-4D65-9099-035A02FC84B3}
	EndGlobalSection
EndGlobal
